
Microsoft Visual Studio Solution File, Format Version 12.00
# Visual Studio Version 17
VisualStudioVersion = 17.7.34031.279
MinimumVisualStudioVersion = 10.0.40219.1
Project("{FAE04EC0-301F-11D3-BF4B-00C04F79EFBC}") = "Login And Register - Modern UI", "Login And Register - Modern UI.csproj", "{FFCC56B4-913B-4E14-86C9-58408F4A855D}"
EndProject
Global
	GlobalSection(SolutionConfigurationPlatforms) = preSolution
		Debug|Any CPU = Debug|Any CPU
		Release|Any CPU = Release|Any CPU
	EndGlobalSection
	GlobalSection(ProjectConfigurationPlatforms) = postSolution
		{FFCC56B4-913B-4E14-86C9-58408F4A855D}.Debug|Any CPU.ActiveCfg = Debug|Any CPU
		{FFCC56B4-913B-4E14-86C9-58408F4A855D}.Debug|Any CPU.Build.0 = Debug|Any CPU
		{FFCC56B4-913B-4E14-86C9-58408F4A855D}.Release|Any CPU.ActiveCfg = Release|Any CPU
		{FFCC56B4-913B-4E14-86C9-58408F4A855D}.Release|Any CPU.Build.0 = Release|Any CPU
	EndGlobalSection
	GlobalSection(SolutionProperties) = preSolution
		HideSolutionNode = FALSE
	EndGlobalSection
	GlobalSection(ExtensibilityGlobals) = postSolution
		SolutionGuid = {580D9C2B-B216-477D-85AC-CDBBDDE64713}
	EndGlobalSection
EndGlobal
